// !$*UTF8*$!
{
	archiveVersion = 1;
	classes = {
	};
	objectVersion = 50;
	objects = {

/* Begin PBXBuildFile section */
		B407377426CF248B007DF6E5 /* Alert.swift in Sources */ = {isa = PBXBuildFile; fileRef = B407377326CF248B007DF6E5 /* Alert.swift */; };
		B4FB36C326CEA250006392B6 /* AppDelegate.swift in Sources */ = {isa = PBXBuildFile; fileRef = B4FB36C226CEA250006392B6 /* AppDelegate.swift */; };
		B4FB36C526CEA250006392B6 /* SceneDelegate.swift in Sources */ = {isa = PBXBuildFile; fileRef = B4FB36C426CEA250006392B6 /* SceneDelegate.swift */; };
		B4FB36C726CEA250006392B6 /* ViewController.swift in Sources */ = {isa = PBXBuildFile; fileRef = B4FB36C626CEA250006392B6 /* ViewController.swift */; };
		B4FB36CA26CEA250006392B6 /* Main.storyboard in Resources */ = {isa = PBXBuildFile; fileRef = B4FB36C826CEA250006392B6 /* Main.storyboard */; };
		B4FB36CC26CEA252006392B6 /* Assets.xcassets in Resources */ = {isa = PBXBuildFile; fileRef = B4FB36CB26CEA252006392B6 /* Assets.xcassets */; };
		B4FB36CF26CEA252006392B6 /* LaunchScreen.storyboard in Resources */ = {isa = PBXBuildFile; fileRef = B4FB36CD26CEA252006392B6 /* LaunchScreen.storyboard */; };
		B4FB36D726CEF3FB006392B6 /* DisplayViewController.swift in Sources */ = {isa = PBXBuildFile; fileRef = B4FB36D626CEF3FB006392B6 /* DisplayViewController.swift */; };
/* End PBXBuildFile section */

/* Begin PBXFileReference section */
		B407377326CF248B007DF6E5 /* Alert.swift */ = {isa = PBXFileReference; lastKnownFileType = sourcecode.swift; path = Alert.swift; sourceTree = "<group>"; };
		B4FB36BF26CEA250006392B6 /* HNGStage2Task.app */ = {isa = PBXFileReference; explicitFileType = wrapper.application; includeInIndex = 0; path = HNGStage2Task.app; sourceTree = BUILT_PRODUCTS_DIR; };
		B4FB36C226CEA250006392B6 /* AppDelegate.swift */ = {isa = PBXFileReference; lastKnownFileType = sourcecode.swift; path = AppDelegate.swift; sourceTree = "<group>"; };
		B4FB36C426CEA250006392B6 /* SceneDelegate.swift */ = {isa = PBXFileReference; lastKnownFileType = sourcecode.swift; path = SceneDelegate.swift; sourceTree = "<group>"; };
		B4FB36C626CEA250006392B6 /* ViewController.swift */ = {isa = PBXFileReference; lastKnownFileType = sourcecode.swift; path = ViewController.swift; sourceTree = "<group>"; };
		B4FB36C926CEA250006392B6 /* Base */ = {isa = PBXFileReference; lastKnownFileType = file.storyboard; name = Base; path = Base.lproj/Main.storyboard; sourceTree = "<group>"; };
		B4FB36CB26CEA252006392B6 /* Assets.xcassets */ = {isa = PBXFileReference; lastKnownFileType = folder.assetcatalog; path = Assets.xcassets; sourceTree = "<group>"; };
		B4FB36CE26CEA252006392B6 /* Base */ = {isa = PBXFileReference; lastKnownFileType = file.storyboard; name = Base; path = Base.lproj/LaunchScreen.storyboard; sourceTree = "<group>"; };
		B4FB36D026CEA252006392B6 /* Info.plist */ = {isa = PBXFileReference; lastKnownFileType = text.plist.xml; path = Info.plist; sourceTree = "<group>"; };
		B4FB36D626CEF3FB006392B6 /* DisplayViewController.swift */ = {isa = PBXFileReference; lastKnownFileType = sourcecode.swift; path = DisplayViewController.swift; sourceTree = "<group>"; };
/* End PBXFileReference section */

/* Begin PBXFrameworksBuildPhase section */
		B4FB36BC26CEA250006392B6 /* Frameworks */ = {
			isa = PBXFrameworksBuildPhase;
			buildActionMask = 2147483647;
			files = (
			);
			runOnlyForDeploymentPostprocessing = 0;
		};
/* End PBXFrameworksBuildPhase section */

/* Begin PBXGroup section */
		B407377226CF2472007DF6E5 /* Alert */ = {
			isa = PBXGroup;
			children = (
				B407377326CF248B007DF6E5 /* Alert.swift */,
			);
			path = Alert;
			sourceTree = "<group>";
		};
		B4FB36B626CEA250006392B6 = {
			isa = PBXGroup;
			children = (
				B4FB36C126CEA250006392B6 /* HNGStage2Task */,
				B4FB36C026CEA250006392B6 /* Products */,
			);
			sourceTree = "<group>";
		};
		B4FB36C026CEA250006392B6 /* Products */ = {
			isa = PBXGroup;
			children = (
				B4FB36BF26CEA250006392B6 /* HNGStage2Task.app */,
			);
			name = Products;
			sourceTree = "<group>";
		};
		B4FB36C126CEA250006392B6 /* HNGStage2Task */ = {
			isa = PBXGroup;
			children = (
				B4FB36C226CEA250006392B6 /* AppDelegate.swift */,
				B4FB36C426CEA250006392B6 /* SceneDelegate.swift */,
				B4FB36C626CEA250006392B6 /* ViewController.swift */,
				B4FB36D626CEF3FB006392B6 /* DisplayViewController.swift */,
				B407377226CF2472007DF6E5 /* Alert */,
				B4FB36C826CEA250006392B6 /* Main.storyboard */,
				B4FB36CB26CEA252006392B6 /* Assets.xcassets */,
				B4FB36CD26CEA252006392B6 /* LaunchScreen.storyboard */,
				B4FB36D026CEA252006392B6 /* Info.plist */,
			);
			path = HNGStage2Task;
			sourceTree = "<group>";
		};
/* End PBXGroup section */

/* Begin PBXNativeTarget section */
		B4FB36BE26CEA250006392B6 /* HNGStage2Task */ = {
			isa = PBXNativeTarget;
			buildConfigurationList = B4FB36D326CEA252006392B6 /* Build configuration list for PBXNativeTarget "HNGStage2Task" */;
			buildPhases = (
				B4FB36BB26CEA250006392B6 /* Sources */,
				B4FB36BC26CEA250006392B6 /* Frameworks */,
				B4FB36BD26CEA250006392B6 /* Resources */,
			);
			buildRules = (
			);
			dependencies = (
			);
			name = HNGStage2Task;
			productName = HNGStage2Task;
			productReference = B4FB36BF26CEA250006392B6 /* HNGStage2Task.app */;
			productType = "com.apple.product-type.application";
		};
/* End PBXNativeTarget section */

/* Begin PBXProject section */
		B4FB36B726CEA250006392B6 /* Project object */ = {
			isa = PBXProject;
			attributes = {
				LastSwiftUpdateCheck = 1250;
				LastUpgradeCheck = 1250;
				TargetAttributes = {
					B4FB36BE26CEA250006392B6 = {
						CreatedOnToolsVersion = 12.5.1;
					};
				};
			};
			buildConfigurationList = B4FB36BA26CEA250006392B6 /* Build configuration list for PBXProject "HNGStage2Task" */;
			compatibilityVersion = "Xcode 9.3";
			developmentRegion = en;
			hasScannedForEncodings = 0;
			knownRegions = (
				en,
				Base,
			);
			mainGroup = B4FB36B626CEA250006392B6;
			productRefGroup = B4FB36C026CEA250006392B6 /* Products */;
			projectDirPath = "";
			projectRoot = "";
			targets = (
				B4FB36BE26CEA250006392B6 /* HNGStage2Task */,
			);
		};
/* End PBXProject section */

/* Begin PBXResourcesBuildPhase section */
		B4FB36BD26CEA250006392B6 /* Resources */ = {
			isa = PBXResourcesBuildPhase;
			buildActionMask = 2147483647;
			files = (
				B4FB36CF26CEA252006392B6 /* LaunchScreen.storyboard in Resources */,
				B4FB36CC26CEA252006392B6 /* Assets.xcassets in Resources */,
				B4FB36CA26CEA250006392B6 /* Main.storyboard in Resources */,
			);
			runOnlyForDeploymentPostprocessing = 0;
		};
/* End PBXResourcesBuildPhase section */

/* Begin PBXSourcesBuildPhase section */
		B4FB36BB26CEA250006392B6 /* Sources */ = {
			isa = PBXSourcesBuildPhase;
			buildActionMask = 2147483647;
			files = (
				B4FB36C726CEA250006392B6 /* ViewController.swift in Sources */,
				B4FB36C326CEA250006392B6 /* AppDelegate.swift in Sources */,
				B4FB36C526CEA250006392B6 /* SceneDelegate.swift in Sources */,
				B407377426CF248B007DF6E5 /* Alert.swift in Sources */,
				B4FB36D726CEF3FB006392B6 /* DisplayViewController.swift in Sources */,
			);
			runOnlyForDeploymentPostprocessing = 0;
		};
/* End PBXSourcesBuildPhase section */

/* Begin PBXVariantGroup section */
		B4FB36C826CEA250006392B6 /* Main.storyboard */ = {
			isa = PBXVariantGroup;
			children = (
				B4FB36C926CEA250006392B6 /* Base */,
			);
			name = Main.storyboard;
			sourceTree = "<group>";
		};
		B4FB36CD26CEA252006392B6 /* LaunchScreen.storyboard */ = {
			isa = PBXVariantGroup;
			children = (
				B4FB36CE26CEA252006392B6 /* Base */,
			);
			name = LaunchScreen.storyboard;
			sourceTree = "<group>";
		};
/* End PBXVariantGroup section */

/* Begin XCBuildConfiguration section */
		B4FB36D126CEA252006392B6 /* Debug */ = {
			isa = XCBuildConfiguration;
			buildSettings = {
				ALWAYS_SEARCH_USER_PATHS = NO;
				CLANG_ANALYZER_NONNULL = YES;
				CLANG_ANALYZER_NUMBER_OBJECT_CONVERSION = YES_AGGRESSIVE;
				CLANG_CXX_LANGUAGE_STANDARD = "gnu++14";
				CLANG_CXX_LIBRARY = "libc++";
				CLANG_ENABLE_MODULES = YES;
				CLANG_ENABLE_OBJC_ARC = YES;
				CLANG_ENABLE_OBJC_WEAK = YES;
				CLANG_WARN_BLOCK_CAPTURE_AUTORELEASING = YES;
				CLANG_WARN_BOOL_CONVERSION = YES;
				CLANG_WARN_COMMA = YES;
				CLANG_WARN_CONSTANT_CONVERSION = YES;
				CLANG_WARN_DEPRECATED_OBJC_IMPLEMENTATIONS = YES;
				CLANG_WARN_DIRECT_OBJC_ISA_USAGE = YES_ERROR;
				CLANG_WARN_DOCUMENTATION_COMMENTS = YES;
				CLANG_WARN_EMPTY_BODY = YES;
				CLANG_WARN_ENUM_CONVERSION = YES;
				CLANG_WARN_INFINITE_RECURSION = YES;
				CLANG_WARN_INT_CONVERSION = YES;
				CLANG_WARN_NON_LITERAL_NULL_CONVERSION = YES;
				CLANG_WARN_OBJC_IMPLICIT_RETAIN_SELF = YES;
				CLANG_WARN_OBJC_LITERAL_CONVERSION = YES;
				CLANG_WARN_OBJC_ROOT_CLASS = YES_ERROR;
				CLANG_WARN_QUOTED_INCLUDE_IN_FRAMEWORK_HEADER = YES;
				CLANG_WARN_RANGE_LOOP_ANALYSIS = YES;
				CLANG_WARN_STRICT_PROTOTYPES = YES;
				CLANG_WARN_SUSPICIOUS_MOVE = YES;
				CLANG_WARN_UNGUARDED_AVAILABILITY = YES_AGGRESSIVE;
				CLANG_WARN_UNREACHABLE_CODE = YES;
				CLANG_WARN__DUPLICATE_METHOD_MATCH = YES;
				COPY_PHASE_STRIP = NO;
				DEBUG_INFORMATION_FORMAT = dwarf;
				ENABLE_STRICT_OBJC_MSGSEND = YES;
				ENABLE_TESTABILITY = YES;
				GCC_C_LANGUAGE_STANDARD = gnu11;
				GCC_DYNAMIC_NO_PIC = NO;
				GCC_NO_COMMON_BLOCKS = YES;
				GCC_OPTIMIZATION_LEVEL = 0;
				GCC_PREPROCESSOR_DEFINITIONS = (
					"DEBUG=1",
					"$(inherited)",
				);
				GCC_WARN_64_TO_32_BIT_CONVERSION = YES;
				GCC_WARN_ABOUT_RETURN_TYPE = YES_ERROR;
				GCC_WARN_UNDECLARED_SELECTOR = YES;
				GCC_WARN_UNINITIALIZED_AUTOS = YES_AGGRESSIVE;
				GCC_WARN_UNUSED_FUNCTION = YES;
				GCC_WARN_UNUSED_VARIABLE = YES;
				IPHONEOS_DEPLOYMENT_TARGET = 14.5;
				MTL_ENABLE_DEBUG_INFO = INCLUDE_SOURCE;
				MTL_FAST_MATH = YES;
				ONLY_ACTIVE_ARCH = YES;
				SDKROOT = iphoneos;
				SWIFT_ACTIVE_COMPILATION_CONDITIONS = DEBUG;
				SWIFT_OPTIMIZATION_LEVEL = "-Onone";
			};
			name = Debug;
		};
		B4FB36D226CEA252006392B6 /* Release */ = {
			isa = XCBuildConfiguration;
			buildSettings = {
				ALWAYS_SEARCH_USER_PATHS = NO;
				CLANG_ANALYZER_NONNULL = YES;
				CLANG_ANALYZER_NUMBER_OBJECT_CONVERSION = YES_AGGRESSIVE;
				CLANG_CXX_LANGUAGE_STANDARD = "gnu++14";
				CLANG_CXX_LIBRARY = "libc++";
				CLANG_ENABLE_MODULES = YES;
				CLANG_ENABLE_OBJC_ARC = YES;
				CLANG_ENABLE_OBJC_WEAK = YES;
				CLANG_WARN_BLOCK_CAPTURE_AUTORELEASING = YES;
				CLANG_WARN_BOOL_CONVERSION = YES;
				CLANG_WARN_COMMA = YES;
				CLANG_WARN_CONSTANT_CONVERSION = YES;
				CLANG_WARN_DEPRECATED_OBJC_IMPLEMENTATIONS = YES;
				CLANG_WARN_DIRECT_OBJC_ISA_USAGE = YES_ERROR;
				CLANG_WARN_DOCUMENTATION_COMMENTS = YES;
				CLANG_WARN_EMPTY_BODY = YES;
				CLANG_WARN_ENUM_CONVERSION = YES;
				CLANG_WARN_INFINITE_RECURSION = YES;
				CLANG_WARN_INT_CONVERSION = YES;
				CLANG_WARN_NON_LITERAL_NULL_CONVERSION = YES;
				CLANG_WARN_OBJC_IMPLICIT_RETAIN_SELF = YES;
				CLANG_WARN_OBJC_LITERAL_CONVERSION = YES;
				CLANG_WARN_OBJC_ROOT_CLASS = YES_ERROR;
				CLANG_WARN_QUOTED_INCLUDE_IN_FRAMEWORK_HEADER = YES;
				CLANG_WARN_RANGE_LOOP_ANALYSIS = YES;
				CLANG_WARN_STRICT_PROTOTYPES = YES;
				CLANG_WARN_SUSPICIOUS_MOVE = YES;
				CLANG_WARN_UNGUARDED_AVAILABILITY = YES_AGGRESSIVE;
				CLANG_WARN_UNREACHABLE_CODE = YES;
				CLANG_WARN__DUPLICATE_METHOD_MATCH = YES;
				COPY_PHASE_STRIP = NO;
				DEBUG_INFORMATION_FORMAT = "dwarf-with-dsym";
				ENABLE_NS_ASSERTIONS = NO;
				ENABLE_STRICT_OBJC_MSGSEND = YES;
				GCC_C_LANGUAGE_STANDARD = gnu11;
				GCC_NO_COMMON_BLOCKS = YES;
				GCC_WARN_64_TO_32_BIT_CONVERSION = YES;
				GCC_WARN_ABOUT_RETURN_TYPE = YES_ERROR;
				GCC_WARN_UNDECLARED_SELECTOR = YES;
				GCC_WARN_UNINITIALIZED_AUTOS = YES_AGGRESSIVE;
				GCC_WARN_UNUSED_FUNCTION = YES;
				GCC_WARN_UNUSED_VARIABLE = YES;
				IPHONEOS_DEPLOYMENT_TARGET = 14.5;
				MTL_ENABLE_DEBUG_INFO = NO;
				MTL_FAST_MATH = YES;
				SDKROOT = iphoneos;
				SWIFT_COMPILATION_MODE = wholemodule;
				SWIFT_OPTIMIZATION_LEVEL = "-O";
				VALIDATE_PRODUCT = YES;
			};
			name = Release;
		};
		B4FB36D426CEA252006392B6 /* Debug */ = {
			isa = XCBuildConfiguration;
			buildSettings = {
				ASSETCATALOG_COMPILER_APPICON_NAME = AppIcon;
				ASSETCATALOG_COMPILER_GLOBAL_ACCENT_COLOR_NAME = AccentColor;
				CODE_SIGN_STYLE = Automatic;
				DEVELOPMENT_TEAM = 6CJ98NSPAD;
				INFOPLIST_FILE = HNGStage2Task/Info.plist;
				LD_RUNPATH_SEARCH_PATHS = (
					"$(inherited)",
					"@executable_path/Frameworks",
				);
				PRODUCT_BUNDLE_IDENTIFIER = com.macmartins.HNGStage2Task;
				PRODUCT_NAME = "$(TARGET_NAME)";
				SWIFT_VERSION = 5.0;
				TARGETED_DEVICE_FAMILY = "1,2";
			};
			name = Debug;
		};
		B4FB36D526CEA252006392B6 /* Release */ = {
			isa = XCBuildConfiguration;
			buildSettings = {
				ASSETCATALOG_COMPILER_APPICON_NAME = AppIcon;
				ASSETCATALOG_COMPILER_GLOBAL_ACCENT_COLOR_NAME = AccentColor;
				CODE_SIGN_STYLE = Automatic;
				DEVELOPMENT_TEAM = 6CJ98NSPAD;
				INFOPLIST_FILE = HNGStage2Task/Info.plist;
				LD_RUNPATH_SEARCH_PATHS = (
					"$(inherited)",
					"@executable_path/Frameworks",
				);
				PRODUCT_BUNDLE_IDENTIFIER = com.macmartins.HNGStage2Task;
				PRODUCT_NAME = "$(TARGET_NAME)";
				SWIFT_VERSION = 5.0;
				TARGETED_DEVICE_FAMILY = "1,2";
			};
			name = Release;
		};
/* End XCBuildConfiguration section */

/* Begin XCConfigurationList section */
		B4FB36BA26CEA250006392B6 /* Build configuration list for PBXProject "HNGStage2Task" */ = {
			isa = XCConfigurationList;
			buildConfigurations = (
				B4FB36D126CEA252006392B6 /* Debug */,
				B4FB36D226CEA252006392B6 /* Release */,
			);
			defaultConfigurationIsVisible = 0;
			defaultConfigurationName = Release;
		};
		B4FB36D326CEA252006392B6 /* Build configuration list for PBXNativeTarget "HNGStage2Task" */ = {
			isa = XCConfigurationList;
			buildConfigurations = (
				B4FB36D426CEA252006392B6 /* Debug */,
				B4FB36D526CEA252006392B6 /* Release */,
			);
			defaultConfigurationIsVisible = 0;
			defaultConfigurationName = Release;
		};
/* End XCConfigurationList section */
	};
	rootObject = B4FB36B726CEA250006392B6 /* Project object */;
}
